
Microsoft Visual Studio Solution File, Format Version 12.00
# Visual Studio Version 17
VisualStudioVersion = 17.5.33516.290
MinimumVisualStudioVersion = 10.0.40219.1
Project("{FAE04EC0-301F-11D3-BF4B-00C04F79EFBC}") = "EmployeeApp.Core", "EmployeeApp.Core\EmployeeApp.Core.csproj", "{7924EDC3-C95D-4527-B160-BFD47FE47463}"
EndProject
Project("{FAE04EC0-301F-11D3-BF4B-00C04F79EFBC}") = "EmployeeApp.Repository", "EmployeeApp.Repository\EmployeeApp.Repository.csproj", "{BC629589-0553-4807-9EBD-CA81DF366E6F}"
EndProject
Project("{FAE04EC0-301F-11D3-BF4B-00C04F79EFBC}") = "EmployeeApp.Service", "EmployeeApp.Service\EmployeeApp.Service.csproj", "{4FE8961E-727B-4B4A-B9A4-FA834FF612A6}"
EndProject
Project("{FAE04EC0-301F-11D3-BF4B-00C04F79EFBC}") = "EmployeeApp.Web", "EmployeeApp.Web\EmployeeApp.Web.csproj", "{C796C87E-7082-447A-9AB4-B160EB3EA133}"
EndProject
Global
	GlobalSection(SolutionConfigurationPlatforms) = preSolution
		Debug|Any CPU = Debug|Any CPU
		Release|Any CPU = Release|Any CPU
	EndGlobalSection
	GlobalSection(ProjectConfigurationPlatforms) = postSolution
		{7924EDC3-C95D-4527-B160-BFD47FE47463}.Debug|Any CPU.ActiveCfg = Debug|Any CPU
		{7924EDC3-C95D-4527-B160-BFD47FE47463}.Debug|Any CPU.Build.0 = Debug|Any CPU
		{7924EDC3-C95D-4527-B160-BFD47FE47463}.Release|Any CPU.ActiveCfg = Release|Any CPU
		{7924EDC3-C95D-4527-B160-BFD47FE47463}.Release|Any CPU.Build.0 = Release|Any CPU
		{BC629589-0553-4807-9EBD-CA81DF366E6F}.Debug|Any CPU.ActiveCfg = Debug|Any CPU
		{BC629589-0553-4807-9EBD-CA81DF366E6F}.Debug|Any CPU.Build.0 = Debug|Any CPU
		{BC629589-0553-4807-9EBD-CA81DF366E6F}.Release|Any CPU.ActiveCfg = Release|Any CPU
		{BC629589-0553-4807-9EBD-CA81DF366E6F}.Release|Any CPU.Build.0 = Release|Any CPU
		{4FE8961E-727B-4B4A-B9A4-FA834FF612A6}.Debug|Any CPU.ActiveCfg = Debug|Any CPU
		{4FE8961E-727B-4B4A-B9A4-FA834FF612A6}.Debug|Any CPU.Build.0 = Debug|Any CPU
		{4FE8961E-727B-4B4A-B9A4-FA834FF612A6}.Release|Any CPU.ActiveCfg = Release|Any CPU
		{4FE8961E-727B-4B4A-B9A4-FA834FF612A6}.Release|Any CPU.Build.0 = Release|Any CPU
		{C796C87E-7082-447A-9AB4-B160EB3EA133}.Debug|Any CPU.ActiveCfg = Debug|Any CPU
		{C796C87E-7082-447A-9AB4-B160EB3EA133}.Debug|Any CPU.Build.0 = Debug|Any CPU
		{C796C87E-7082-447A-9AB4-B160EB3EA133}.Release|Any CPU.ActiveCfg = Release|Any CPU
		{C796C87E-7082-447A-9AB4-B160EB3EA133}.Release|Any CPU.Build.0 = Release|Any CPU
	EndGlobalSection
	GlobalSection(SolutionProperties) = preSolution
		HideSolutionNode = FALSE
	EndGlobalSection
	GlobalSection(ExtensibilityGlobals) = postSolution
		SolutionGuid = {48E01A46-A88B-4A5D-8CC9-7F85CC5C4687}
	EndGlobalSection
EndGlobal
