
Microsoft Visual Studio Solution File, Format Version 12.00
# Visual Studio Version 17
VisualStudioVersion = 17.4.33205.214
MinimumVisualStudioVersion = 10.0.40219.1
Project("{FAE04EC0-301F-11D3-BF4B-00C04F79EFBC}") = "MyBlog.Web", "MyBlog.Web\MyBlog.Web.csproj", "{584D1535-009E-4224-A166-CE48B8A882A2}"
EndProject
Project("{FAE04EC0-301F-11D3-BF4B-00C04F79EFBC}") = "MyBlog.Entity", "MyBlog.Entity\MyBlog.Entity.csproj", "{62533F25-7065-4EC2-935D-0106E27B4BF0}"
EndProject
Project("{FAE04EC0-301F-11D3-BF4B-00C04F79EFBC}") = "MyBlog.Core", "MyBlog.Core\MyBlog.Core.csproj", "{9FDAFF37-FD7A-4709-932B-0F92ABBAFA56}"
EndProject
Project("{FAE04EC0-301F-11D3-BF4B-00C04F79EFBC}") = "MyBlog.Data", "MyBlog.Data\MyBlog.Data.csproj", "{F11D77BE-3BB9-4A27-9B8F-26942099F02E}"
EndProject
Project("{FAE04EC0-301F-11D3-BF4B-00C04F79EFBC}") = "MyBlog.Service", "MyBlog.Service\MyBlog.Service.csproj", "{F1AFF2FA-F811-4634-AE93-5DF515C71252}"
EndProject
Global
	GlobalSection(SolutionConfigurationPlatforms) = preSolution
		Debug|Any CPU = Debug|Any CPU
		Release|Any CPU = Release|Any CPU
	EndGlobalSection
	GlobalSection(ProjectConfigurationPlatforms) = postSolution
		{584D1535-009E-4224-A166-CE48B8A882A2}.Debug|Any CPU.ActiveCfg = Debug|Any CPU
		{584D1535-009E-4224-A166-CE48B8A882A2}.Debug|Any CPU.Build.0 = Debug|Any CPU
		{584D1535-009E-4224-A166-CE48B8A882A2}.Release|Any CPU.ActiveCfg = Release|Any CPU
		{584D1535-009E-4224-A166-CE48B8A882A2}.Release|Any CPU.Build.0 = Release|Any CPU
		{62533F25-7065-4EC2-935D-0106E27B4BF0}.Debug|Any CPU.ActiveCfg = Debug|Any CPU
		{62533F25-7065-4EC2-935D-0106E27B4BF0}.Debug|Any CPU.Build.0 = Debug|Any CPU
		{62533F25-7065-4EC2-935D-0106E27B4BF0}.Release|Any CPU.ActiveCfg = Release|Any CPU
		{62533F25-7065-4EC2-935D-0106E27B4BF0}.Release|Any CPU.Build.0 = Release|Any CPU
		{9FDAFF37-FD7A-4709-932B-0F92ABBAFA56}.Debug|Any CPU.ActiveCfg = Debug|Any CPU
		{9FDAFF37-FD7A-4709-932B-0F92ABBAFA56}.Debug|Any CPU.Build.0 = Debug|Any CPU
		{9FDAFF37-FD7A-4709-932B-0F92ABBAFA56}.Release|Any CPU.ActiveCfg = Release|Any CPU
		{9FDAFF37-FD7A-4709-932B-0F92ABBAFA56}.Release|Any CPU.Build.0 = Release|Any CPU
		{F11D77BE-3BB9-4A27-9B8F-26942099F02E}.Debug|Any CPU.ActiveCfg = Debug|Any CPU
		{F11D77BE-3BB9-4A27-9B8F-26942099F02E}.Debug|Any CPU.Build.0 = Debug|Any CPU
		{F11D77BE-3BB9-4A27-9B8F-26942099F02E}.Release|Any CPU.ActiveCfg = Release|Any CPU
		{F11D77BE-3BB9-4A27-9B8F-26942099F02E}.Release|Any CPU.Build.0 = Release|Any CPU
		{F1AFF2FA-F811-4634-AE93-5DF515C71252}.Debug|Any CPU.ActiveCfg = Debug|Any CPU
		{F1AFF2FA-F811-4634-AE93-5DF515C71252}.Debug|Any CPU.Build.0 = Debug|Any CPU
		{F1AFF2FA-F811-4634-AE93-5DF515C71252}.Release|Any CPU.ActiveCfg = Release|Any CPU
		{F1AFF2FA-F811-4634-AE93-5DF515C71252}.Release|Any CPU.Build.0 = Release|Any CPU
	EndGlobalSection
	GlobalSection(SolutionProperties) = preSolution
		HideSolutionNode = FALSE
	EndGlobalSection
	GlobalSection(ExtensibilityGlobals) = postSolution
		SolutionGuid = {F5DBC296-B6A8-453B-A365-664C8E0689B1}
	EndGlobalSection
EndGlobal
