
Microsoft Visual Studio Solution File, Format Version 12.00
# Visual Studio Version 17
VisualStudioVersion = 17.6.33815.320
MinimumVisualStudioVersion = 10.0.40219.1
Project("{FAE04EC0-301F-11D3-BF4B-00C04F79EFBC}") = "O", "O\O.csproj", "{28FFB2B0-DD14-4310-8B64-C85EF6DDD5B0}"
EndProject
Project("{FAE04EC0-301F-11D3-BF4B-00C04F79EFBC}") = "L", "L\L.csproj", "{566B7F63-4060-49AC-9861-C6A6C7BF2541}"
EndProject
Project("{FAE04EC0-301F-11D3-BF4B-00C04F79EFBC}") = "I", "I\I.csproj", "{C96CC3DE-256B-433C-8A6A-8EA3F9B6A430}"
EndProject
Project("{FAE04EC0-301F-11D3-BF4B-00C04F79EFBC}") = "D", "D\D.csproj", "{9A201047-1135-49B2-BB2E-63F3509BFF27}"
EndProject
Project("{FAE04EC0-301F-11D3-BF4B-00C04F79EFBC}") = "S", "S\S.csproj", "{C21247A8-628C-4D5F-A15A-9232616DC76B}"
EndProject
Global
	GlobalSection(SolutionConfigurationPlatforms) = preSolution
		Debug|Any CPU = Debug|Any CPU
		Release|Any CPU = Release|Any CPU
	EndGlobalSection
	GlobalSection(ProjectConfigurationPlatforms) = postSolution
		{28FFB2B0-DD14-4310-8B64-C85EF6DDD5B0}.Debug|Any CPU.ActiveCfg = Debug|Any CPU
		{28FFB2B0-DD14-4310-8B64-C85EF6DDD5B0}.Debug|Any CPU.Build.0 = Debug|Any CPU
		{28FFB2B0-DD14-4310-8B64-C85EF6DDD5B0}.Release|Any CPU.ActiveCfg = Release|Any CPU
		{28FFB2B0-DD14-4310-8B64-C85EF6DDD5B0}.Release|Any CPU.Build.0 = Release|Any CPU
		{566B7F63-4060-49AC-9861-C6A6C7BF2541}.Debug|Any CPU.ActiveCfg = Debug|Any CPU
		{566B7F63-4060-49AC-9861-C6A6C7BF2541}.Debug|Any CPU.Build.0 = Debug|Any CPU
		{566B7F63-4060-49AC-9861-C6A6C7BF2541}.Release|Any CPU.ActiveCfg = Release|Any CPU
		{566B7F63-4060-49AC-9861-C6A6C7BF2541}.Release|Any CPU.Build.0 = Release|Any CPU
		{C96CC3DE-256B-433C-8A6A-8EA3F9B6A430}.Debug|Any CPU.ActiveCfg = Debug|Any CPU
		{C96CC3DE-256B-433C-8A6A-8EA3F9B6A430}.Debug|Any CPU.Build.0 = Debug|Any CPU
		{C96CC3DE-256B-433C-8A6A-8EA3F9B6A430}.Release|Any CPU.ActiveCfg = Release|Any CPU
		{C96CC3DE-256B-433C-8A6A-8EA3F9B6A430}.Release|Any CPU.Build.0 = Release|Any CPU
		{9A201047-1135-49B2-BB2E-63F3509BFF27}.Debug|Any CPU.ActiveCfg = Debug|Any CPU
		{9A201047-1135-49B2-BB2E-63F3509BFF27}.Debug|Any CPU.Build.0 = Debug|Any CPU
		{9A201047-1135-49B2-BB2E-63F3509BFF27}.Release|Any CPU.ActiveCfg = Release|Any CPU
		{9A201047-1135-49B2-BB2E-63F3509BFF27}.Release|Any CPU.Build.0 = Release|Any CPU
		{C21247A8-628C-4D5F-A15A-9232616DC76B}.Debug|Any CPU.ActiveCfg = Debug|Any CPU
		{C21247A8-628C-4D5F-A15A-9232616DC76B}.Debug|Any CPU.Build.0 = Debug|Any CPU
		{C21247A8-628C-4D5F-A15A-9232616DC76B}.Release|Any CPU.ActiveCfg = Release|Any CPU
		{C21247A8-628C-4D5F-A15A-9232616DC76B}.Release|Any CPU.Build.0 = Release|Any CPU
	EndGlobalSection
	GlobalSection(SolutionProperties) = preSolution
		HideSolutionNode = FALSE
	EndGlobalSection
	GlobalSection(ExtensibilityGlobals) = postSolution
		SolutionGuid = {1CFF5114-938C-4D44-91E9-C3D3262A0108}
	EndGlobalSection
EndGlobal
