
Microsoft Visual Studio Solution File, Format Version 12.00
# Visual Studio Version 17
VisualStudioVersion = 17.5.33516.290
MinimumVisualStudioVersion = 10.0.40219.1
Project("{FAE04EC0-301F-11D3-BF4B-00C04F79EFBC}") = "EasyCash.EntityLayer", "EasyCash.EntityLayer\EasyCash.EntityLayer.csproj", "{185A956D-0A5A-4569-AB24-82F7B57F6671}"
EndProject
Project("{FAE04EC0-301F-11D3-BF4B-00C04F79EFBC}") = "EasyCash.DAL", "EasyCash.DAL\EasyCash.DAL.csproj", "{EA2AB21C-333E-444B-B94A-4D31C9E1D5A3}"
EndProject
Project("{FAE04EC0-301F-11D3-BF4B-00C04F79EFBC}") = "EasyCash.BusinessLayer", "EasyCash.BusinessLayer\EasyCash.BusinessLayer.csproj", "{08399A98-9372-4DA2-9CA1-227FBDCC956A}"
EndProject
Project("{FAE04EC0-301F-11D3-BF4B-00C04F79EFBC}") = "EasyCash.DtoLayer", "EasyCash.DtoLayer\EasyCash.DtoLayer.csproj", "{3FF59F36-8422-4370-AC12-6C7118B4DD90}"
EndProject
Project("{FAE04EC0-301F-11D3-BF4B-00C04F79EFBC}") = "EasyCash.Web", "EasyCash.Web\EasyCash.Web.csproj", "{3F021B99-D50C-419A-A424-5E963E4483F1}"
EndProject
Global
	GlobalSection(SolutionConfigurationPlatforms) = preSolution
		Debug|Any CPU = Debug|Any CPU
		Release|Any CPU = Release|Any CPU
	EndGlobalSection
	GlobalSection(ProjectConfigurationPlatforms) = postSolution
		{185A956D-0A5A-4569-AB24-82F7B57F6671}.Debug|Any CPU.ActiveCfg = Debug|Any CPU
		{185A956D-0A5A-4569-AB24-82F7B57F6671}.Debug|Any CPU.Build.0 = Debug|Any CPU
		{185A956D-0A5A-4569-AB24-82F7B57F6671}.Release|Any CPU.ActiveCfg = Release|Any CPU
		{185A956D-0A5A-4569-AB24-82F7B57F6671}.Release|Any CPU.Build.0 = Release|Any CPU
		{EA2AB21C-333E-444B-B94A-4D31C9E1D5A3}.Debug|Any CPU.ActiveCfg = Debug|Any CPU
		{EA2AB21C-333E-444B-B94A-4D31C9E1D5A3}.Debug|Any CPU.Build.0 = Debug|Any CPU
		{EA2AB21C-333E-444B-B94A-4D31C9E1D5A3}.Release|Any CPU.ActiveCfg = Release|Any CPU
		{EA2AB21C-333E-444B-B94A-4D31C9E1D5A3}.Release|Any CPU.Build.0 = Release|Any CPU
		{08399A98-9372-4DA2-9CA1-227FBDCC956A}.Debug|Any CPU.ActiveCfg = Debug|Any CPU
		{08399A98-9372-4DA2-9CA1-227FBDCC956A}.Debug|Any CPU.Build.0 = Debug|Any CPU
		{08399A98-9372-4DA2-9CA1-227FBDCC956A}.Release|Any CPU.ActiveCfg = Release|Any CPU
		{08399A98-9372-4DA2-9CA1-227FBDCC956A}.Release|Any CPU.Build.0 = Release|Any CPU
		{3FF59F36-8422-4370-AC12-6C7118B4DD90}.Debug|Any CPU.ActiveCfg = Debug|Any CPU
		{3FF59F36-8422-4370-AC12-6C7118B4DD90}.Debug|Any CPU.Build.0 = Debug|Any CPU
		{3FF59F36-8422-4370-AC12-6C7118B4DD90}.Release|Any CPU.ActiveCfg = Release|Any CPU
		{3FF59F36-8422-4370-AC12-6C7118B4DD90}.Release|Any CPU.Build.0 = Release|Any CPU
		{3F021B99-D50C-419A-A424-5E963E4483F1}.Debug|Any CPU.ActiveCfg = Debug|Any CPU
		{3F021B99-D50C-419A-A424-5E963E4483F1}.Debug|Any CPU.Build.0 = Debug|Any CPU
		{3F021B99-D50C-419A-A424-5E963E4483F1}.Release|Any CPU.ActiveCfg = Release|Any CPU
		{3F021B99-D50C-419A-A424-5E963E4483F1}.Release|Any CPU.Build.0 = Release|Any CPU
	EndGlobalSection
	GlobalSection(SolutionProperties) = preSolution
		HideSolutionNode = FALSE
	EndGlobalSection
	GlobalSection(ExtensibilityGlobals) = postSolution
		SolutionGuid = {2D9D6B13-BDAA-4B58-BB4C-F324AA0E4269}
	EndGlobalSection
EndGlobal
