
Microsoft Visual Studio Solution File, Format Version 12.00
# Visual Studio Version 17
VisualStudioVersion = 17.5.33516.290
MinimumVisualStudioVersion = 10.0.40219.1
Project("{FAE04EC0-301F-11D3-BF4B-00C04F79EFBC}") = "BookSaw.Core", "BookSaw.Core\BookSaw.Core.csproj", "{077C59EC-F153-442D-9E6A-8691F87A39E4}"
EndProject
Project("{FAE04EC0-301F-11D3-BF4B-00C04F79EFBC}") = "BookSaw.Service", "BookSaw.Service\BookSaw.Service.csproj", "{7B31472F-3141-4158-8A97-657A2BB12DB8}"
EndProject
Project("{FAE04EC0-301F-11D3-BF4B-00C04F79EFBC}") = "BookSaw.Repository", "BookSaw.Repository\BookSaw.Repository.csproj", "{CDACEA19-3A68-42FF-B0F7-6EB5BA013490}"
EndProject
Project("{FAE04EC0-301F-11D3-BF4B-00C04F79EFBC}") = "BookSaw.Web", "BookSaw.Web\BookSaw.Web.csproj", "{6DEC2000-9412-4C41-AC06-327E0E1450B1}"
EndProject
Global
	GlobalSection(SolutionConfigurationPlatforms) = preSolution
		Debug|Any CPU = Debug|Any CPU
		Release|Any CPU = Release|Any CPU
	EndGlobalSection
	GlobalSection(ProjectConfigurationPlatforms) = postSolution
		{077C59EC-F153-442D-9E6A-8691F87A39E4}.Debug|Any CPU.ActiveCfg = Debug|Any CPU
		{077C59EC-F153-442D-9E6A-8691F87A39E4}.Debug|Any CPU.Build.0 = Debug|Any CPU
		{077C59EC-F153-442D-9E6A-8691F87A39E4}.Release|Any CPU.ActiveCfg = Release|Any CPU
		{077C59EC-F153-442D-9E6A-8691F87A39E4}.Release|Any CPU.Build.0 = Release|Any CPU
		{7B31472F-3141-4158-8A97-657A2BB12DB8}.Debug|Any CPU.ActiveCfg = Debug|Any CPU
		{7B31472F-3141-4158-8A97-657A2BB12DB8}.Debug|Any CPU.Build.0 = Debug|Any CPU
		{7B31472F-3141-4158-8A97-657A2BB12DB8}.Release|Any CPU.ActiveCfg = Release|Any CPU
		{7B31472F-3141-4158-8A97-657A2BB12DB8}.Release|Any CPU.Build.0 = Release|Any CPU
		{CDACEA19-3A68-42FF-B0F7-6EB5BA013490}.Debug|Any CPU.ActiveCfg = Debug|Any CPU
		{CDACEA19-3A68-42FF-B0F7-6EB5BA013490}.Debug|Any CPU.Build.0 = Debug|Any CPU
		{CDACEA19-3A68-42FF-B0F7-6EB5BA013490}.Release|Any CPU.ActiveCfg = Release|Any CPU
		{CDACEA19-3A68-42FF-B0F7-6EB5BA013490}.Release|Any CPU.Build.0 = Release|Any CPU
		{6DEC2000-9412-4C41-AC06-327E0E1450B1}.Debug|Any CPU.ActiveCfg = Debug|Any CPU
		{6DEC2000-9412-4C41-AC06-327E0E1450B1}.Debug|Any CPU.Build.0 = Debug|Any CPU
		{6DEC2000-9412-4C41-AC06-327E0E1450B1}.Release|Any CPU.ActiveCfg = Release|Any CPU
		{6DEC2000-9412-4C41-AC06-327E0E1450B1}.Release|Any CPU.Build.0 = Release|Any CPU
	EndGlobalSection
	GlobalSection(SolutionProperties) = preSolution
		HideSolutionNode = FALSE
	EndGlobalSection
	GlobalSection(ExtensibilityGlobals) = postSolution
		SolutionGuid = {021E9D1A-0960-4DDE-B310-C06A37FBC61D}
	EndGlobalSection
EndGlobal
